
Microsoft Visual Studio Solution File, Format Version 12.00
# Visual Studio Version 17
VisualStudioVersion = 17.1.32228.430
MinimumVisualStudioVersion = 10.0.40219.1
Project("{FAE04EC0-301F-11D3-BF4B-00C04F79EFBC}") = "CabInvoiceGenerator", "CabInvoiceGenerator\CabInvoiceGenerator.csproj", "{2D52D399-6D99-4647-86DF-1F8D8439C206}"
EndProject
Project("{FAE04EC0-301F-11D3-BF4B-00C04F79EFBC}") = "CabInvoiceGeneratorTest", "CabInvoiceGeneratorTest\CabInvoiceGeneratorTest.csproj", "{C19F9F0E-CB5E-4244-A49A-A8C477779113}"
EndProject
Global
	GlobalSection(SolutionConfigurationPlatforms) = preSolution
		Debug|Any CPU = Debug|Any CPU
		Release|Any CPU = Release|Any CPU
	EndGlobalSection
	GlobalSection(ProjectConfigurationPlatforms) = postSolution
		{2D52D399-6D99-4647-86DF-1F8D8439C206}.Debug|Any CPU.ActiveCfg = Debug|Any CPU
		{2D52D399-6D99-4647-86DF-1F8D8439C206}.Debug|Any CPU.Build.0 = Debug|Any CPU
		{2D52D399-6D99-4647-86DF-1F8D8439C206}.Release|Any CPU.ActiveCfg = Release|Any CPU
		{2D52D399-6D99-4647-86DF-1F8D8439C206}.Release|Any CPU.Build.0 = Release|Any CPU
		{C19F9F0E-CB5E-4244-A49A-A8C477779113}.Debug|Any CPU.ActiveCfg = Debug|Any CPU
		{C19F9F0E-CB5E-4244-A49A-A8C477779113}.Debug|Any CPU.Build.0 = Debug|Any CPU
		{C19F9F0E-CB5E-4244-A49A-A8C477779113}.Release|Any CPU.ActiveCfg = Release|Any CPU
		{C19F9F0E-CB5E-4244-A49A-A8C477779113}.Release|Any CPU.Build.0 = Release|Any CPU
	EndGlobalSection
	GlobalSection(SolutionProperties) = preSolution
		HideSolutionNode = FALSE
	EndGlobalSection
	GlobalSection(ExtensibilityGlobals) = postSolution
		SolutionGuid = {7A0A1107-96AE-4259-94D0-F014264DCB67}
	EndGlobalSection
EndGlobal
